# THIS IS AN AUTOGENERATED FILE. DO NOT EDIT THIS FILE DIRECTLY.
# yarn lockfile v1


"@tauri-apps/api@^1.1.0":
  version "1.1.0"
  resolved "https://registry.yarnpkg.com/@tauri-apps/api/-/api-1.1.0.tgz#2c5756f6aeecd36f7683183eaba021690711bedf"
  integrity sha512-n13pIqdPd3KtaMmmAcrU7BTfdMtIlGNnfZD0dNX8L4p8dgmuNyikm6JAA+yCpl9gqq6I8x5cV2Y0muqdgD0cWw==
